
Microsoft Visual Studio Solution File, Format Version 12.00
# Visual Studio Version 16
VisualStudioVersion = 16.0.32428.217
MinimumVisualStudioVersion = 10.0.40219.1
Project("{FAE04EC0-301F-11D3-BF4B-00C04F79EFBC}") = "OverrideEnvironmentFix", "OverrideEnvironmentFix.csproj", "{4CB9C1B4-291A-4649-9340-3AA0661698B1}"
EndProject
Global
	GlobalSection(SolutionConfigurationPlatforms) = preSolution
		Debug|Any CPU = Debug|Any CPU
		Release|Any CPU = Release|Any CPU
	EndGlobalSection
	GlobalSection(ProjectConfigurationPlatforms) = postSolution
		{4CB9C1B4-291A-4649-9340-3AA0661698B1}.Debug|Any CPU.ActiveCfg = Debug|Any CPU
		{4CB9C1B4-291A-4649-9340-3AA0661698B1}.Debug|Any CPU.Build.0 = Debug|Any CPU
		{4CB9C1B4-291A-4649-9340-3AA0661698B1}.Release|Any CPU.ActiveCfg = Release|Any CPU
		{4CB9C1B4-291A-4649-9340-3AA0661698B1}.Release|Any CPU.Build.0 = Release|Any CPU
	EndGlobalSection
	GlobalSection(SolutionProperties) = preSolution
		HideSolutionNode = FALSE
	EndGlobalSection
	GlobalSection(ExtensibilityGlobals) = postSolution
		SolutionGuid = {5F43022F-E6C8-49E9-A238-1DE81AF0C3DA}
	EndGlobalSection
EndGlobal
